
Microsoft Visual Studio Solution File, Format Version 12.00
# Visual Studio Version 17
VisualStudioVersion = 17.7.34031.279
MinimumVisualStudioVersion = 10.0.40219.1
Project("{F184B08F-C81C-45F6-A57F-5ABD9991F28F}") = "PointLib", "PointLib\PointLib.vbproj", "{F843A912-2A78-48E3-80CD-F437D7A129F3}"
EndProject
Project("{FAE04EC0-301F-11D3-BF4B-00C04F79EFBC}") = "WindowsFormsApp1", "WindowsFormsApp1\WindowsFormsApp1.csproj", "{7341F913-555C-42C3-9864-FC6A5989E978}"
EndProject
Global
	GlobalSection(SolutionConfigurationPlatforms) = preSolution
		Debug|Any CPU = Debug|Any CPU
		Release|Any CPU = Release|Any CPU
	EndGlobalSection
	GlobalSection(ProjectConfigurationPlatforms) = postSolution
		{F843A912-2A78-48E3-80CD-F437D7A129F3}.Debug|Any CPU.ActiveCfg = Debug|Any CPU
		{F843A912-2A78-48E3-80CD-F437D7A129F3}.Debug|Any CPU.Build.0 = Debug|Any CPU
		{F843A912-2A78-48E3-80CD-F437D7A129F3}.Release|Any CPU.ActiveCfg = Release|Any CPU
		{F843A912-2A78-48E3-80CD-F437D7A129F3}.Release|Any CPU.Build.0 = Release|Any CPU
		{7341F913-555C-42C3-9864-FC6A5989E978}.Debug|Any CPU.ActiveCfg = Debug|Any CPU
		{7341F913-555C-42C3-9864-FC6A5989E978}.Debug|Any CPU.Build.0 = Debug|Any CPU
		{7341F913-555C-42C3-9864-FC6A5989E978}.Release|Any CPU.ActiveCfg = Release|Any CPU
		{7341F913-555C-42C3-9864-FC6A5989E978}.Release|Any CPU.Build.0 = Release|Any CPU
	EndGlobalSection
	GlobalSection(SolutionProperties) = preSolution
		HideSolutionNode = FALSE
	EndGlobalSection
	GlobalSection(ExtensibilityGlobals) = postSolution
		SolutionGuid = {A8296E58-BF3C-4576-9459-53EA2CF3476C}
	EndGlobalSection
EndGlobal
